
Microsoft Visual Studio Solution File, Format Version 12.00
# Visual Studio Version 17
VisualStudioVersion = 17.5.002.0
MinimumVisualStudioVersion = 10.0.40219.1
Project("{2150E333-8FDC-42A3-9474-1A3956D46DE8}") = "Beta 0.2", "Beta 0.2", "{99D2E5B2-7BA1-42BB-A2D1-E2059D9B3F6C}"
EndProject
Project("{2150E333-8FDC-42A3-9474-1A3956D46DE8}") = "Api", "Api", "{9A072767-9957-49E0-B434-24813F911506}"
EndProject
Project("{9A19103F-16F7-4668-BE54-9A1E7A4F7556}") = "apicasos", "Beta 0.2\Api\apicasos\apicasos.csproj", "{1095C5EE-C45B-4B6F-B11A-EC34CF243992}"
EndProject
Global
	GlobalSection(SolutionConfigurationPlatforms) = preSolution
		Debug|Any CPU = Debug|Any CPU
		Release|Any CPU = Release|Any CPU
	EndGlobalSection
	GlobalSection(ProjectConfigurationPlatforms) = postSolution
		{1095C5EE-C45B-4B6F-B11A-EC34CF243992}.Debug|Any CPU.ActiveCfg = Debug|Any CPU
		{1095C5EE-C45B-4B6F-B11A-EC34CF243992}.Debug|Any CPU.Build.0 = Debug|Any CPU
		{1095C5EE-C45B-4B6F-B11A-EC34CF243992}.Release|Any CPU.ActiveCfg = Release|Any CPU
		{1095C5EE-C45B-4B6F-B11A-EC34CF243992}.Release|Any CPU.Build.0 = Release|Any CPU
	EndGlobalSection
	GlobalSection(SolutionProperties) = preSolution
		HideSolutionNode = FALSE
	EndGlobalSection
	GlobalSection(NestedProjects) = preSolution
		{9A072767-9957-49E0-B434-24813F911506} = {99D2E5B2-7BA1-42BB-A2D1-E2059D9B3F6C}
		{1095C5EE-C45B-4B6F-B11A-EC34CF243992} = {9A072767-9957-49E0-B434-24813F911506}
	EndGlobalSection
	GlobalSection(ExtensibilityGlobals) = postSolution
		SolutionGuid = {98234A59-0AEE-4B29-BC44-BF7332F10B0E}
	EndGlobalSection
EndGlobal
